
Microsoft Visual Studio Solution File, Format Version 12.00
# Visual Studio Version 17
VisualStudioVersion = 17.0.31903.59
MinimumVisualStudioVersion = 10.0.40219.1
Project("{9A19103F-16F7-4668-BE54-9A1E7A4F7556}") = "RR.Domain", "Domain\RR.Domain.csproj", "{DF9508A5-C47A-4873-9413-708AAEB3FD40}"
EndProject
Project("{9A19103F-16F7-4668-BE54-9A1E7A4F7556}") = "ReservaRussasAPI", "ReservaRussasAPI\ReservaRussasAPI.csproj", "{B5EE06E8-5311-4305-BECF-F5209C16E4C0}"
EndProject
Project("{9A19103F-16F7-4668-BE54-9A1E7A4F7556}") = "RR.Infraestructure", "Infraestructure\RR.Infraestructure.csproj", "{ECE12954-933D-42CD-A22E-FB926010B922}"
EndProject
Project("{9A19103F-16F7-4668-BE54-9A1E7A4F7556}") = "RR.Service", "Service\RR.Service.csproj", "{07EFD9E0-5471-451B-AA25-322589FF1653}"
EndProject
Project("{9A19103F-16F7-4668-BE54-9A1E7A4F7556}") = "RR.Core", "Core\RR.Core.csproj", "{E9EB4B75-E3E2-4651-8FA0-8FC4921DDF32}"
EndProject
Project("{2150E333-8FDC-42A3-9474-1A3956D46DE8}") = "Core", "Core", "{BCA69549-A9F6-41F7-8227-F13AA9B8320C}"
EndProject
Project("{2150E333-8FDC-42A3-9474-1A3956D46DE8}") = "Domain", "Domain", "{716269DB-8AE2-45DF-8639-1BE22A354EAE}"
EndProject
Project("{2150E333-8FDC-42A3-9474-1A3956D46DE8}") = "Infrastructure", "Infrastructure", "{F66FBEC0-F49D-4E4E-BDD5-60C6D8167D6A}"
EndProject
Project("{2150E333-8FDC-42A3-9474-1A3956D46DE8}") = "API", "API", "{D5A4E7CB-4AFE-4628-9B17-6406FAC72944}"
EndProject
Project("{2150E333-8FDC-42A3-9474-1A3956D46DE8}") = "Service", "Service", "{765D64BB-768E-4A99-8A3E-4D5E8A793E4F}"
EndProject
Project("{9A19103F-16F7-4668-BE54-9A1E7A4F7556}") = "RR.ReservaRussasAPI.Docs", "RR.ReservaRussasAPI.Docs\RR.ReservaRussasAPI.Docs.csproj", "{A2AE1234-CBF1-412E-AB44-2BA45FD7F6D4}"
EndProject
Project("{2150E333-8FDC-42A3-9474-1A3956D46DE8}") = "Application", "Application", "{422208D5-4EF6-41D1-85AF-7AA0B9323E82}"
EndProject
Project("{FAE04EC0-301F-11D3-BF4B-00C04F79EFBC}") = "RR.Application", "RR.Application\RR.Application.csproj", "{D726D63C-1072-42B1-8E94-F827D532D18A}"
EndProject
Global
	GlobalSection(SolutionConfigurationPlatforms) = preSolution
		Debug|Any CPU = Debug|Any CPU
		Release|Any CPU = Release|Any CPU
	EndGlobalSection
	GlobalSection(ProjectConfigurationPlatforms) = postSolution
		{DF9508A5-C47A-4873-9413-708AAEB3FD40}.Debug|Any CPU.ActiveCfg = Debug|Any CPU
		{DF9508A5-C47A-4873-9413-708AAEB3FD40}.Debug|Any CPU.Build.0 = Debug|Any CPU
		{DF9508A5-C47A-4873-9413-708AAEB3FD40}.Release|Any CPU.ActiveCfg = Release|Any CPU
		{DF9508A5-C47A-4873-9413-708AAEB3FD40}.Release|Any CPU.Build.0 = Release|Any CPU
		{B5EE06E8-5311-4305-BECF-F5209C16E4C0}.Debug|Any CPU.ActiveCfg = Debug|Any CPU
		{B5EE06E8-5311-4305-BECF-F5209C16E4C0}.Debug|Any CPU.Build.0 = Debug|Any CPU
		{B5EE06E8-5311-4305-BECF-F5209C16E4C0}.Release|Any CPU.ActiveCfg = Release|Any CPU
		{B5EE06E8-5311-4305-BECF-F5209C16E4C0}.Release|Any CPU.Build.0 = Release|Any CPU
		{ECE12954-933D-42CD-A22E-FB926010B922}.Debug|Any CPU.ActiveCfg = Debug|Any CPU
		{ECE12954-933D-42CD-A22E-FB926010B922}.Debug|Any CPU.Build.0 = Debug|Any CPU
		{ECE12954-933D-42CD-A22E-FB926010B922}.Release|Any CPU.ActiveCfg = Release|Any CPU
		{ECE12954-933D-42CD-A22E-FB926010B922}.Release|Any CPU.Build.0 = Release|Any CPU
		{07EFD9E0-5471-451B-AA25-322589FF1653}.Debug|Any CPU.ActiveCfg = Debug|Any CPU
		{07EFD9E0-5471-451B-AA25-322589FF1653}.Debug|Any CPU.Build.0 = Debug|Any CPU
		{07EFD9E0-5471-451B-AA25-322589FF1653}.Release|Any CPU.ActiveCfg = Release|Any CPU
		{07EFD9E0-5471-451B-AA25-322589FF1653}.Release|Any CPU.Build.0 = Release|Any CPU
		{E9EB4B75-E3E2-4651-8FA0-8FC4921DDF32}.Debug|Any CPU.ActiveCfg = Debug|Any CPU
		{E9EB4B75-E3E2-4651-8FA0-8FC4921DDF32}.Debug|Any CPU.Build.0 = Debug|Any CPU
		{E9EB4B75-E3E2-4651-8FA0-8FC4921DDF32}.Release|Any CPU.ActiveCfg = Release|Any CPU
		{E9EB4B75-E3E2-4651-8FA0-8FC4921DDF32}.Release|Any CPU.Build.0 = Release|Any CPU
		{A2AE1234-CBF1-412E-AB44-2BA45FD7F6D4}.Debug|Any CPU.ActiveCfg = Debug|Any CPU
		{A2AE1234-CBF1-412E-AB44-2BA45FD7F6D4}.Debug|Any CPU.Build.0 = Debug|Any CPU
		{A2AE1234-CBF1-412E-AB44-2BA45FD7F6D4}.Release|Any CPU.ActiveCfg = Release|Any CPU
		{A2AE1234-CBF1-412E-AB44-2BA45FD7F6D4}.Release|Any CPU.Build.0 = Release|Any CPU
		{D726D63C-1072-42B1-8E94-F827D532D18A}.Debug|Any CPU.ActiveCfg = Debug|Any CPU
		{D726D63C-1072-42B1-8E94-F827D532D18A}.Debug|Any CPU.Build.0 = Debug|Any CPU
		{D726D63C-1072-42B1-8E94-F827D532D18A}.Release|Any CPU.ActiveCfg = Release|Any CPU
		{D726D63C-1072-42B1-8E94-F827D532D18A}.Release|Any CPU.Build.0 = Release|Any CPU
	EndGlobalSection
	GlobalSection(SolutionProperties) = preSolution
		HideSolutionNode = FALSE
	EndGlobalSection
	GlobalSection(NestedProjects) = preSolution
		{DF9508A5-C47A-4873-9413-708AAEB3FD40} = {716269DB-8AE2-45DF-8639-1BE22A354EAE}
		{B5EE06E8-5311-4305-BECF-F5209C16E4C0} = {D5A4E7CB-4AFE-4628-9B17-6406FAC72944}
		{ECE12954-933D-42CD-A22E-FB926010B922} = {F66FBEC0-F49D-4E4E-BDD5-60C6D8167D6A}
		{07EFD9E0-5471-451B-AA25-322589FF1653} = {765D64BB-768E-4A99-8A3E-4D5E8A793E4F}
		{E9EB4B75-E3E2-4651-8FA0-8FC4921DDF32} = {BCA69549-A9F6-41F7-8227-F13AA9B8320C}
		{A2AE1234-CBF1-412E-AB44-2BA45FD7F6D4} = {D5A4E7CB-4AFE-4628-9B17-6406FAC72944}
		{D726D63C-1072-42B1-8E94-F827D532D18A} = {422208D5-4EF6-41D1-85AF-7AA0B9323E82}
	EndGlobalSection
	GlobalSection(ExtensibilityGlobals) = postSolution
		SolutionGuid = {024AF818-291F-4A39-825E-768920BF41A4}
	EndGlobalSection
EndGlobal
