
Microsoft Visual Studio Solution File, Format Version 12.00
# Visual Studio Version 17
VisualStudioVersion = 17.0.31903.59
MinimumVisualStudioVersion = 10.0.40219.1
Project("{9A19103F-16F7-4668-BE54-9A1E7A4F7556}") = "Domain", "Domain\Domain.csproj", "{DF9508A5-C47A-4873-9413-708AAEB3FD40}"
EndProject
Project("{9A19103F-16F7-4668-BE54-9A1E7A4F7556}") = "Infraestructure", "Infraestructure\Infraestructure.csproj", "{A67D8949-CADD-4B4F-B6FB-70C709894236}"
EndProject
Project("{9A19103F-16F7-4668-BE54-9A1E7A4F7556}") = "ReservaRussasAPI", "ReservaRussasAPI\ReservaRussasAPI.csproj", "{B5EE06E8-5311-4305-BECF-F5209C16E4C0}"
EndProject
Global
	GlobalSection(SolutionConfigurationPlatforms) = preSolution
		Debug|Any CPU = Debug|Any CPU
		Release|Any CPU = Release|Any CPU
	EndGlobalSection
	GlobalSection(ProjectConfigurationPlatforms) = postSolution
		{DF9508A5-C47A-4873-9413-708AAEB3FD40}.Debug|Any CPU.ActiveCfg = Debug|Any CPU
		{DF9508A5-C47A-4873-9413-708AAEB3FD40}.Debug|Any CPU.Build.0 = Debug|Any CPU
		{DF9508A5-C47A-4873-9413-708AAEB3FD40}.Release|Any CPU.ActiveCfg = Release|Any CPU
		{DF9508A5-C47A-4873-9413-708AAEB3FD40}.Release|Any CPU.Build.0 = Release|Any CPU
		{A67D8949-CADD-4B4F-B6FB-70C709894236}.Debug|Any CPU.ActiveCfg = Debug|Any CPU
		{A67D8949-CADD-4B4F-B6FB-70C709894236}.Debug|Any CPU.Build.0 = Debug|Any CPU
		{A67D8949-CADD-4B4F-B6FB-70C709894236}.Release|Any CPU.ActiveCfg = Release|Any CPU
		{A67D8949-CADD-4B4F-B6FB-70C709894236}.Release|Any CPU.Build.0 = Release|Any CPU
		{B5EE06E8-5311-4305-BECF-F5209C16E4C0}.Debug|Any CPU.ActiveCfg = Debug|Any CPU
		{B5EE06E8-5311-4305-BECF-F5209C16E4C0}.Debug|Any CPU.Build.0 = Debug|Any CPU
		{B5EE06E8-5311-4305-BECF-F5209C16E4C0}.Release|Any CPU.ActiveCfg = Release|Any CPU
		{B5EE06E8-5311-4305-BECF-F5209C16E4C0}.Release|Any CPU.Build.0 = Release|Any CPU
	EndGlobalSection
	GlobalSection(SolutionProperties) = preSolution
		HideSolutionNode = FALSE
	EndGlobalSection
EndGlobal
